dependencies:
- name: postgresql
  repository: https://charts.bitnami.com/bitnami
  version: 12.0.0
- name: prometheus
  repository: https://prometheus-community.github.io/helm-charts
  version: 28.6.1
- name: grafana
  repository: https://grafana.github.io/helm-charts
  version: 10.3.0
digest: sha256:c185b61d709d6ea6edefa269cb1e80cdff30f9349b278edb5e7c30dc5666eb4e
generated: "2026-01-30T17:02:54.408995985-03:00"
